// !$*UTF8*$!
{
	archiveVersion = 1;
	classes = {
	};
	objectVersion = 46;
	objects = {

/* Begin PBXBuildFile section */
		F15E67311D816C5B008BE40C /* main.m in Sources */ = {isa = PBXBuildFile; fileRef = F15E67301D816C5B008BE40C /* main.m */; };
		F15E67341D816C5B008BE40C /* AppDelegate.m in Sources */ = {isa = PBXBuildFile; fileRef = F15E67331D816C5B008BE40C /* AppDelegate.m */; };
		F15E67371D816C5B008BE40C /* FirstViewController.m in Sources */ = {isa = PBXBuildFile; fileRef = F15E67361D816C5B008BE40C /* FirstViewController.m */; };
		F15E673A1D816C5B008BE40C /* SecondViewController.m in Sources */ = {isa = PBXBuildFile; fileRef = F15E67391D816C5B008BE40C /* SecondViewController.m */; };
		F15E673D1D816C5C008BE40C /* Main.storyboard in Resources */ = {isa = PBXBuildFile; fileRef = F15E673B1D816C5C008BE40C /* Main.storyboard */; };
		F15E673F1D816C5C008BE40C /* Assets.xcassets in Resources */ = {isa = PBXBuildFile; fileRef = F15E673E1D816C5C008BE40C /* Assets.xcassets */; };
		F15E67421D816C5C008BE40C /* LaunchScreen.storyboard in Resources */ = {isa = PBXBuildFile; fileRef = F15E67401D816C5C008BE40C /* LaunchScreen.storyboard */; };
/* End PBXBuildFile section */

/* Begin PBXFileReference section */
		F15E672C1D816C5B008BE40C /* MeShow.app */ = {isa = PBXFileReference; explicitFileType = wrapper.application; includeInIndex = 0; path = MeShow.app; sourceTree = BUILT_PRODUCTS_DIR; };
		F15E67301D816C5B008BE40C /* main.m */ = {isa = PBXFileReference; lastKnownFileType = sourcecode.c.objc; path = main.m; sourceTree = "<group>"; };
		F15E67321D816C5B008BE40C /* AppDelegate.h */ = {isa = PBXFileReference; lastKnownFileType = sourcecode.c.h; path = AppDelegate.h; sourceTree = "<group>"; };
		F15E67331D816C5B008BE40C /* AppDelegate.m */ = {isa = PBXFileReference; lastKnownFileType = sourcecode.c.objc; path = AppDelegate.m; sourceTree = "<group>"; };
		F15E67351D816C5B008BE40C /* FirstViewController.h */ = {isa = PBXFileReference; lastKnownFileType = sourcecode.c.h; path = FirstViewController.h; sourceTree = "<group>"; };
		F15E67361D816C5B008BE40C /* FirstViewController.m */ = {isa = PBXFileReference; lastKnownFileType = sourcecode.c.objc; path = FirstViewController.m; sourceTree = "<group>"; };
		F15E67381D816C5B008BE40C /* SecondViewController.h */ = {isa = PBXFileReference; lastKnownFileType = sourcecode.c.h; path = SecondViewController.h; sourceTree = "<group>"; };
		F15E67391D816C5B008BE40C /* SecondViewController.m */ = {isa = PBXFileReference; lastKnownFileType = sourcecode.c.objc; path = SecondViewController.m; sourceTree = "<group>"; };
		F15E673C1D816C5C008BE40C /* Base */ = {isa = PBXFileReference; lastKnownFileType = file.storyboard; name = Base; path = Base.lproj/Main.storyboard; sourceTree = "<group>"; };
		F15E673E1D816C5C008BE40C /* Assets.xcassets */ = {isa = PBXFileReference; lastKnownFileType = folder.assetcatalog; path = Assets.xcassets; sourceTree = "<group>"; };
		F15E67411D816C5C008BE40C /* Base */ = {isa = PBXFileReference; lastKnownFileType = file.storyboard; name = Base; path = Base.lproj/LaunchScreen.storyboard; sourceTree = "<group>"; };
		F15E67431D816C5C008BE40C /* Info.plist */ = {isa = PBXFileReference; lastKnownFileType = text.plist.xml; path = Info.plist; sourceTree = "<group>"; };
/* End PBXFileReference section */

/* Begin PBXFrameworksBuildPhase section */
		F15E67291D816C5B008BE40C /* Frameworks */ = {
			isa = PBXFrameworksBuildPhase;
			buildActionMask = 2147483647;
			files = (
			);
			runOnlyForDeploymentPostprocessing = 0;
		};
/* End PBXFrameworksBuildPhase section */

/* Begin PBXGroup section */
		F15E67231D816C5B008BE40C = {
			isa = PBXGroup;
			children = (
				F15E672E1D816C5B008BE40C /* MeShow */,
				F15E672D1D816C5B008BE40C /* Products */,
			);
			sourceTree = "<group>";
		};
		F15E672D1D816C5B008BE40C /* Products */ = {
			isa = PBXGroup;
			children = (
				F15E672C1D816C5B008BE40C /* MeShow.app */,
			);
			name = Products;
			sourceTree = "<group>";
		};
		F15E672E1D816C5B008BE40C /* MeShow */ = {
			isa = PBXGroup;
			children = (
				F15E67321D816C5B008BE40C /* AppDelegate.h */,
				F15E67331D816C5B008BE40C /* AppDelegate.m */,
				F15E67351D816C5B008BE40C /* FirstViewController.h */,
				F15E67361D816C5B008BE40C /* FirstViewController.m */,
				F15E67381D816C5B008BE40C /* SecondViewController.h */,
				F15E67391D816C5B008BE40C /* SecondViewController.m */,
				F15E673B1D816C5C008BE40C /* Main.storyboard */,
				F15E673E1D816C5C008BE40C /* Assets.xcassets */,
				F15E67401D816C5C008BE40C /* LaunchScreen.storyboard */,
				F15E67431D816C5C008BE40C /* Info.plist */,
				F15E672F1D816C5B008BE40C /* Supporting Files */,
			);
			path = MeShow;
			sourceTree = "<group>";
		};
		F15E672F1D816C5B008BE40C /* Supporting Files */ = {
			isa = PBXGroup;
			children = (
				F15E67301D816C5B008BE40C /* main.m */,
			);
			name = "Supporting Files";
			sourceTree = "<group>";
		};
/* End PBXGroup section */

/* Begin PBXNativeTarget section */
		F15E672B1D816C5B008BE40C /* MeShow */ = {
			isa = PBXNativeTarget;
			buildConfigurationList = F15E67461D816C5C008BE40C /* Build configuration list for PBXNativeTarget "MeShow" */;
			buildPhases = (
				F15E67281D816C5B008BE40C /* Sources */,
				F15E67291D816C5B008BE40C /* Frameworks */,
				F15E672A1D816C5B008BE40C /* Resources */,
			);
			buildRules = (
			);
			dependencies = (
			);
			name = MeShow;
			productName = MeShow;
			productReference = F15E672C1D816C5B008BE40C /* MeShow.app */;
			productType = "com.apple.product-type.application";
		};
/* End PBXNativeTarget section */

/* Begin PBXProject section */
		F15E67241D816C5B008BE40C /* Project object */ = {
			isa = PBXProject;
			attributes = {
				LastUpgradeCheck = 0730;
				ORGANIZATIONNAME = ruanqiaohua;
				TargetAttributes = {
					F15E672B1D816C5B008BE40C = {
						CreatedOnToolsVersion = 7.3.1;
					};
				};
			};
			buildConfigurationList = F15E67271D816C5B008BE40C /* Build configuration list for PBXProject "MeShow" */;
			compatibilityVersion = "Xcode 3.2";
			developmentRegion = English;
			hasScannedForEncodings = 0;
			knownRegions = (
				en,
				Base,
			);
			mainGroup = F15E67231D816C5B008BE40C;
			productRefGroup = F15E672D1D816C5B008BE40C /* Products */;
			projectDirPath = "";
			projectRoot = "";
			targets = (
				F15E672B1D816C5B008BE40C /* MeShow */,
			);
		};
/* End PBXProject section */

/* Begin PBXResourcesBuildPhase section */
		F15E672A1D816C5B008BE40C /* Resources */ = {
			isa = PBXResourcesBuildPhase;
			buildActionMask = 2147483647;
			files = (
				F15E67421D816C5C008BE40C /* LaunchScreen.storyboard in Resources */,
				F15E673F1D816C5C008BE40C /* Assets.xcassets in Resources */,
				F15E673D1D816C5C008BE40C /* Main.storyboard in Resources */,
			);
			runOnlyForDeploymentPostprocessing = 0;
		};
/* End PBXResourcesBuildPhase section */

/* Begin PBXSourcesBuildPhase section */
		F15E67281D816C5B008BE40C /* Sources */ = {
			isa = PBXSourcesBuildPhase;
			buildActionMask = 2147483647;
			files = (
				F15E673A1D816C5B008BE40C /* SecondViewController.m in Sources */,
				F15E67341D816C5B008BE40C /* AppDelegate.m in Sources */,
				F15E67371D816C5B008BE40C /* FirstViewController.m in Sources */,
				F15E67311D816C5B008BE40C /* main.m in Sources */,
			);
			runOnlyForDeploymentPostprocessing = 0;
		};
/* End PBXSourcesBuildPhase section */

/* Begin PBXVariantGroup section */
		F15E673B1D816C5C008BE40C /* Main.storyboard */ = {
			isa = PBXVariantGroup;
			children = (
				F15E673C1D816C5C008BE40C /* Base */,
			);
			name = Main.storyboard;
			sourceTree = "<group>";
		};
		F15E67401D816C5C008BE40C /* LaunchScreen.storyboard */ = {
			isa = PBXVariantGroup;
			children = (
				F15E67411D816C5C008BE40C /* Base */,
			);
			name = LaunchScreen.storyboard;
			sourceTree = "<group>";
		};
/* End PBXVariantGroup section */

/* Begin XCBuildConfiguration section */
		F15E67441D816C5C008BE40C /* Debug */ = {
			isa = XCBuildConfiguration;
			buildSettings = {
				ALWAYS_SEARCH_USER_PATHS = NO;
				CLANG_ANALYZER_NONNULL = YES;
				CLANG_CXX_LANGUAGE_STANDARD = "gnu++0x";
				CLANG_CXX_LIBRARY = "libc++";
				CLANG_ENABLE_MODULES = YES;
				CLANG_ENABLE_OBJC_ARC = YES;
				CLANG_WARN_BOOL_CONVERSION = YES;
				CLANG_WARN_CONSTANT_CONVERSION = YES;
				CLANG_WARN_DIRECT_OBJC_ISA_USAGE = YES_ERROR;
				CLANG_WARN_EMPTY_BODY = YES;
				CLANG_WARN_ENUM_CONVERSION = YES;
				CLANG_WARN_INT_CONVERSION = YES;
				CLANG_WARN_OBJC_ROOT_CLASS = YES_ERROR;
				CLANG_WARN_UNREACHABLE_CODE = YES;
				CLANG_WARN__DUPLICATE_METHOD_MATCH = YES;
				"CODE_SIGN_IDENTITY[sdk=iphoneos*]" = "iPhone Developer";
				COPY_PHASE_STRIP = NO;
				DEBUG_INFORMATION_FORMAT = dwarf;
				ENABLE_STRICT_OBJC_MSGSEND = YES;
				ENABLE_TESTABILITY = YES;
				GCC_C_LANGUAGE_STANDARD = gnu99;
				GCC_DYNAMIC_NO_PIC = NO;
				GCC_NO_COMMON_BLOCKS = YES;
				GCC_OPTIMIZATION_LEVEL = 0;
				GCC_PREPROCESSOR_DEFINITIONS = (
					"DEBUG=1",
					"$(inherited)",
				);
				GCC_WARN_64_TO_32_BIT_CONVERSION = YES;
				GCC_WARN_ABOUT_RETURN_TYPE = YES_ERROR;
				GCC_WARN_UNDECLARED_SELECTOR = YES;
				GCC_WARN_UNINITIALIZED_AUTOS = YES_AGGRESSIVE;
				GCC_WARN_UNUSED_FUNCTION = YES;
				GCC_WARN_UNUSED_VARIABLE = YES;
				IPHONEOS_DEPLOYMENT_TARGET = 9.3;
				MTL_ENABLE_DEBUG_INFO = YES;
				ONLY_ACTIVE_ARCH = YES;
				SDKROOT = iphoneos;
				TARGETED_DEVICE_FAMILY = "1,2";
			};
			name = Debug;
		};
		F15E67451D816C5C008BE40C /* Release */ = {
			isa = XCBuildConfiguration;
			buildSettings = {
				ALWAYS_SEARCH_USER_PATHS = NO;
				CLANG_ANALYZER_NONNULL = YES;
				CLANG_CXX_LANGUAGE_STANDARD = "gnu++0x";
				CLANG_CXX_LIBRARY = "libc++";
				CLANG_ENABLE_MODULES = YES;
				CLANG_ENABLE_OBJC_ARC = YES;
				CLANG_WARN_BOOL_CONVERSION = YES;
				CLANG_WARN_CONSTANT_CONVERSION = YES;
				CLANG_WARN_DIRECT_OBJC_ISA_USAGE = YES_ERROR;
				CLANG_WARN_EMPTY_BODY = YES;
				CLANG_WARN_ENUM_CONVERSION = YES;
				CLANG_WARN_INT_CONVERSION = YES;
				CLANG_WARN_OBJC_ROOT_CLASS = YES_ERROR;
				CLANG_WARN_UNREACHABLE_CODE = YES;
				CLANG_WARN__DUPLICATE_METHOD_MATCH = YES;
				"CODE_SIGN_IDENTITY[sdk=iphoneos*]" = "iPhone Developer";
				COPY_PHASE_STRIP = NO;
				DEBUG_INFORMATION_FORMAT = "dwarf-with-dsym";
				ENABLE_NS_ASSERTIONS = NO;
				ENABLE_STRICT_OBJC_MSGSEND = YES;
				GCC_C_LANGUAGE_STANDARD = gnu99;
				GCC_NO_COMMON_BLOCKS = YES;
				GCC_WARN_64_TO_32_BIT_CONVERSION = YES;
				GCC_WARN_ABOUT_RETURN_TYPE = YES_ERROR;
				GCC_WARN_UNDECLARED_SELECTOR = YES;
				GCC_WARN_UNINITIALIZED_AUTOS = YES_AGGRESSIVE;
				GCC_WARN_UNUSED_FUNCTION = YES;
				GCC_WARN_UNUSED_VARIABLE = YES;
				IPHONEOS_DEPLOYMENT_TARGET = 9.3;
				MTL_ENABLE_DEBUG_INFO = NO;
				SDKROOT = iphoneos;
				TARGETED_DEVICE_FAMILY = "1,2";
				VALIDATE_PRODUCT = YES;
			};
			name = Release;
		};
		F15E67471D816C5C008BE40C /* Debug */ = {
			isa = XCBuildConfiguration;
			buildSettings = {
				ASSETCATALOG_COMPILER_APPICON_NAME = AppIcon;
				INFOPLIST_FILE = MeShow/Info.plist;
				LD_RUNPATH_SEARCH_PATHS = "$(inherited) @executable_path/Frameworks";
				PRODUCT_BUNDLE_IDENTIFIER = com.ruanqiaohua.MeShow;
				PRODUCT_NAME = "$(TARGET_NAME)";
			};
			name = Debug;
		};
		F15E67481D816C5C008BE40C /* Release */ = {
			isa = XCBuildConfiguration;
			buildSettings = {
				ASSETCATALOG_COMPILER_APPICON_NAME = AppIcon;
				INFOPLIST_FILE = MeShow/Info.plist;
				LD_RUNPATH_SEARCH_PATHS = "$(inherited) @executable_path/Frameworks";
				PRODUCT_BUNDLE_IDENTIFIER = com.ruanqiaohua.MeShow;
				PRODUCT_NAME = "$(TARGET_NAME)";
			};
			name = Release;
		};
/* End XCBuildConfiguration section */

/* Begin XCConfigurationList section */
		F15E67271D816C5B008BE40C /* Build configuration list for PBXProject "MeShow" */ = {
			isa = XCConfigurationList;
			buildConfigurations = (
				F15E67441D816C5C008BE40C /* Debug */,
				F15E67451D816C5C008BE40C /* Release */,
			);
			defaultConfigurationIsVisible = 0;
			defaultConfigurationName = Release;
		};
		F15E67461D816C5C008BE40C /* Build configuration list for PBXNativeTarget "MeShow" */ = {
			isa = XCConfigurationList;
			buildConfigurations = (
				F15E67471D816C5C008BE40C /* Debug */,
				F15E67481D816C5C008BE40C /* Release */,
			);
			defaultConfigurationIsVisible = 0;
		};
/* End XCConfigurationList section */
	};
	rootObject = F15E67241D816C5B008BE40C /* Project object */;
}
